// !$*UTF8*$!
{
	archiveVersion = 1;
	classes = {
	};
	objectVersion = 51;
	objects = {

/* Begin PBXBuildFile section */
		6BC3538B92F8E51069A5DE96 /* Pods_bluetapTests.framework in Frameworks */ = {isa = PBXBuildFile; fileRef = 8A45A26F1F89CB3C243A4C11 /* Pods_bluetapTests.framework */; };
		876A31A1238B13C80038F49F /* AppDelegate.swift in Sources */ = {isa = PBXBuildFile; fileRef = 876A31A0238B13C80038F49F /* AppDelegate.swift */; };
		876A31A3238B13C80038F49F /* ViewController.swift in Sources */ = {isa = PBXBuildFile; fileRef = 876A31A2238B13C80038F49F /* ViewController.swift */; };
		876A31A6238B13C80038F49F /* Main.storyboard in Resources */ = {isa = PBXBuildFile; fileRef = 876A31A4238B13C80038F49F /* Main.storyboard */; };
		876A31A8238B13CA0038F49F /* Assets.xcassets in Resources */ = {isa = PBXBuildFile; fileRef = 876A31A7238B13CA0038F49F /* Assets.xcassets */; };
		876A31AB238B13CA0038F49F /* LaunchScreen.storyboard in Resources */ = {isa = PBXBuildFile; fileRef = 876A31A9238B13CA0038F49F /* LaunchScreen.storyboard */; };
		876A31B6238B13CA0038F49F /* bluetapTests.swift in Sources */ = {isa = PBXBuildFile; fileRef = 876A31B5238B13CA0038F49F /* bluetapTests.swift */; };
		876A31C1238B13CA0038F49F /* bluetapUITests.swift in Sources */ = {isa = PBXBuildFile; fileRef = 876A31C0238B13CA0038F49F /* bluetapUITests.swift */; };
		878FD101239837F20050334E /* GameOver.swift in Sources */ = {isa = PBXBuildFile; fileRef = 878FD100239837F20050334E /* GameOver.swift */; };
		878FD109239879E80050334E /* Model.swift in Sources */ = {isa = PBXBuildFile; fileRef = 878FD108239879E80050334E /* Model.swift */; };
		878FD10B23987E0B0050334E /* Chart.swift in Sources */ = {isa = PBXBuildFile; fileRef = 878FD10A23987E0B0050334E /* Chart.swift */; };
		CD1466CAC98D51FEDBEB2BF3 /* Pods_bluetap_bluetapUITests.framework in Frameworks */ = {isa = PBXBuildFile; fileRef = CEA2F2D1E303F2E91850BDC6 /* Pods_bluetap_bluetapUITests.framework */; };
		E21B707F55901B82D001359E /* Pods_bluetap.framework in Frameworks */ = {isa = PBXBuildFile; fileRef = 90237D6F7B27EF233402DD0F /* Pods_bluetap.framework */; };
/* End PBXBuildFile section */

/* Begin PBXContainerItemProxy section */
		876A31B2238B13CA0038F49F /* PBXContainerItemProxy */ = {
			isa = PBXContainerItemProxy;
			containerPortal = 876A3195238B13C80038F49F /* Project object */;
			proxyType = 1;
			remoteGlobalIDString = 876A319C238B13C80038F49F;
			remoteInfo = bluetap;
		};
		876A31BD238B13CA0038F49F /* PBXContainerItemProxy */ = {
			isa = PBXContainerItemProxy;
			containerPortal = 876A3195238B13C80038F49F /* Project object */;
			proxyType = 1;
			remoteGlobalIDString = 876A319C238B13C80038F49F;
			remoteInfo = bluetap;
		};
/* End PBXContainerItemProxy section */

/* Begin PBXFileReference section */
		055640B00EBAACFFF4B59528 /* Pods-bluetap.debug.xcconfig */ = {isa = PBXFileReference; includeInIndex = 1; lastKnownFileType = text.xcconfig; name = "Pods-bluetap.debug.xcconfig"; path = "Target Support Files/Pods-bluetap/Pods-bluetap.debug.xcconfig"; sourceTree = "<group>"; };
		09BCC78A9E31C458973B02B0 /* Pods-bluetapTests.release.xcconfig */ = {isa = PBXFileReference; includeInIndex = 1; lastKnownFileType = text.xcconfig; name = "Pods-bluetapTests.release.xcconfig"; path = "Target Support Files/Pods-bluetapTests/Pods-bluetapTests.release.xcconfig"; sourceTree = "<group>"; };
		38F372736F5253054CDE0779 /* Pods-bluetapTests.debug.xcconfig */ = {isa = PBXFileReference; includeInIndex = 1; lastKnownFileType = text.xcconfig; name = "Pods-bluetapTests.debug.xcconfig"; path = "Target Support Files/Pods-bluetapTests/Pods-bluetapTests.debug.xcconfig"; sourceTree = "<group>"; };
		464C53DB7F0BE5DE8FDFE6E7 /* Pods-bluetap-bluetapUITests.debug.xcconfig */ = {isa = PBXFileReference; includeInIndex = 1; lastKnownFileType = text.xcconfig; name = "Pods-bluetap-bluetapUITests.debug.xcconfig"; path = "Target Support Files/Pods-bluetap-bluetapUITests/Pods-bluetap-bluetapUITests.debug.xcconfig"; sourceTree = "<group>"; };
		876A319D238B13C80038F49F /* bluetap.app */ = {isa = PBXFileReference; explicitFileType = wrapper.application; includeInIndex = 0; path = bluetap.app; sourceTree = BUILT_PRODUCTS_DIR; };
		876A31A0238B13C80038F49F /* AppDelegate.swift */ = {isa = PBXFileReference; lastKnownFileType = sourcecode.swift; path = AppDelegate.swift; sourceTree = "<group>"; };
		876A31A2238B13C80038F49F /* ViewController.swift */ = {isa = PBXFileReference; lastKnownFileType = sourcecode.swift; path = ViewController.swift; sourceTree = "<group>"; };
		876A31A5238B13C80038F49F /* Base */ = {isa = PBXFileReference; lastKnownFileType = file.storyboard; name = Base; path = Base.lproj/Main.storyboard; sourceTree = "<group>"; };
		876A31A7238B13CA0038F49F /* Assets.xcassets */ = {isa = PBXFileReference; lastKnownFileType = folder.assetcatalog; path = Assets.xcassets; sourceTree = "<group>"; };
		876A31AA238B13CA0038F49F /* Base */ = {isa = PBXFileReference; lastKnownFileType = file.storyboard; name = Base; path = Base.lproj/LaunchScreen.storyboard; sourceTree = "<group>"; };
		876A31AC238B13CA0038F49F /* Info.plist */ = {isa = PBXFileReference; lastKnownFileType = text.plist.xml; path = Info.plist; sourceTree = "<group>"; };
		876A31B1238B13CA0038F49F /* bluetapTests.xctest */ = {isa = PBXFileReference; explicitFileType = wrapper.cfbundle; includeInIndex = 0; path = bluetapTests.xctest; sourceTree = BUILT_PRODUCTS_DIR; };
		876A31B5238B13CA0038F49F /* bluetapTests.swift */ = {isa = PBXFileReference; lastKnownFileType = sourcecode.swift; path = bluetapTests.swift; sourceTree = "<group>"; };
		876A31B7238B13CA0038F49F /* Info.plist */ = {isa = PBXFileReference; lastKnownFileType = text.plist.xml; path = Info.plist; sourceTree = "<group>"; };
		876A31BC238B13CA0038F49F /* bluetapUITests.xctest */ = {isa = PBXFileReference; explicitFileType = wrapper.cfbundle; includeInIndex = 0; path = bluetapUITests.xctest; sourceTree = BUILT_PRODUCTS_DIR; };
		876A31C0238B13CA0038F49F /* bluetapUITests.swift */ = {isa = PBXFileReference; lastKnownFileType = sourcecode.swift; path = bluetapUITests.swift; sourceTree = "<group>"; };
		876A31C2238B13CA0038F49F /* Info.plist */ = {isa = PBXFileReference; lastKnownFileType = text.plist.xml; path = Info.plist; sourceTree = "<group>"; };
		878FD100239837F20050334E /* GameOver.swift */ = {isa = PBXFileReference; lastKnownFileType = sourcecode.swift; path = GameOver.swift; sourceTree = "<group>"; };
		878FD108239879E80050334E /* Model.swift */ = {isa = PBXFileReference; fileEncoding = 4; lastKnownFileType = sourcecode.swift; path = Model.swift; sourceTree = "<group>"; };
		878FD10A23987E0B0050334E /* Chart.swift */ = {isa = PBXFileReference; fileEncoding = 4; lastKnownFileType = sourcecode.swift; path = Chart.swift; sourceTree = "<group>"; };
		8A45A26F1F89CB3C243A4C11 /* Pods_bluetapTests.framework */ = {isa = PBXFileReference; explicitFileType = wrapper.framework; includeInIndex = 0; path = Pods_bluetapTests.framework; sourceTree = BUILT_PRODUCTS_DIR; };
		90237D6F7B27EF233402DD0F /* Pods_bluetap.framework */ = {isa = PBXFileReference; explicitFileType = wrapper.framework; includeInIndex = 0; path = Pods_bluetap.framework; sourceTree = BUILT_PRODUCTS_DIR; };
		BE1D04AE72D5A9AF7DBFC4EF /* Pods-bluetap-bluetapUITests.release.xcconfig */ = {isa = PBXFileReference; includeInIndex = 1; lastKnownFileType = text.xcconfig; name = "Pods-bluetap-bluetapUITests.release.xcconfig"; path = "Target Support Files/Pods-bluetap-bluetapUITests/Pods-bluetap-bluetapUITests.release.xcconfig"; sourceTree = "<group>"; };
		CEA2F2D1E303F2E91850BDC6 /* Pods_bluetap_bluetapUITests.framework */ = {isa = PBXFileReference; explicitFileType = wrapper.framework; includeInIndex = 0; path = Pods_bluetap_bluetapUITests.framework; sourceTree = BUILT_PRODUCTS_DIR; };
		EA33525F66DCCF342C8F3066 /* Pods-bluetap.release.xcconfig */ = {isa = PBXFileReference; includeInIndex = 1; lastKnownFileType = text.xcconfig; name = "Pods-bluetap.release.xcconfig"; path = "Target Support Files/Pods-bluetap/Pods-bluetap.release.xcconfig"; sourceTree = "<group>"; };
/* End PBXFileReference section */

/* Begin PBXFrameworksBuildPhase section */
		876A319A238B13C80038F49F /* Frameworks */ = {
			isa = PBXFrameworksBuildPhase;
			buildActionMask = 2147483647;
			files = (
				E21B707F55901B82D001359E /* Pods_bluetap.framework in Frameworks */,
			);
			runOnlyForDeploymentPostprocessing = 0;
		};
		876A31AE238B13CA0038F49F /* Frameworks */ = {
			isa = PBXFrameworksBuildPhase;
			buildActionMask = 2147483647;
			files = (
				6BC3538B92F8E51069A5DE96 /* Pods_bluetapTests.framework in Frameworks */,
			);
			runOnlyForDeploymentPostprocessing = 0;
		};
		876A31B9238B13CA0038F49F /* Frameworks */ = {
			isa = PBXFrameworksBuildPhase;
			buildActionMask = 2147483647;
			files = (
				CD1466CAC98D51FEDBEB2BF3 /* Pods_bluetap_bluetapUITests.framework in Frameworks */,
			);
			runOnlyForDeploymentPostprocessing = 0;
		};
/* End PBXFrameworksBuildPhase section */

/* Begin PBXGroup section */
		19F6FE5C839EBFD9CF97F3E4 /* Frameworks */ = {
			isa = PBXGroup;
			children = (
				90237D6F7B27EF233402DD0F /* Pods_bluetap.framework */,
				CEA2F2D1E303F2E91850BDC6 /* Pods_bluetap_bluetapUITests.framework */,
				8A45A26F1F89CB3C243A4C11 /* Pods_bluetapTests.framework */,
			);
			name = Frameworks;
			sourceTree = "<group>";
		};
		4AB34A0726ACD2272051AEC9 /* Pods */ = {
			isa = PBXGroup;
			children = (
				055640B00EBAACFFF4B59528 /* Pods-bluetap.debug.xcconfig */,
				EA33525F66DCCF342C8F3066 /* Pods-bluetap.release.xcconfig */,
				464C53DB7F0BE5DE8FDFE6E7 /* Pods-bluetap-bluetapUITests.debug.xcconfig */,
				BE1D04AE72D5A9AF7DBFC4EF /* Pods-bluetap-bluetapUITests.release.xcconfig */,
				38F372736F5253054CDE0779 /* Pods-bluetapTests.debug.xcconfig */,
				09BCC78A9E31C458973B02B0 /* Pods-bluetapTests.release.xcconfig */,
			);
			path = Pods;
			sourceTree = "<group>";
		};
		876A3194238B13C80038F49F = {
			isa = PBXGroup;
			children = (
				876A319F238B13C80038F49F /* bluetap */,
				876A31B4238B13CA0038F49F /* bluetapTests */,
				876A31BF238B13CA0038F49F /* bluetapUITests */,
				876A319E238B13C80038F49F /* Products */,
				4AB34A0726ACD2272051AEC9 /* Pods */,
				19F6FE5C839EBFD9CF97F3E4 /* Frameworks */,
			);
			sourceTree = "<group>";
		};
		876A319E238B13C80038F49F /* Products */ = {
			isa = PBXGroup;
			children = (
				876A319D238B13C80038F49F /* bluetap.app */,
				876A31B1238B13CA0038F49F /* bluetapTests.xctest */,
				876A31BC238B13CA0038F49F /* bluetapUITests.xctest */,
			);
			name = Products;
			sourceTree = "<group>";
		};
		876A319F238B13C80038F49F /* bluetap */ = {
			isa = PBXGroup;
			children = (
				876A31A0238B13C80038F49F /* AppDelegate.swift */,
				876A31A2238B13C80038F49F /* ViewController.swift */,
				876A31A4238B13C80038F49F /* Main.storyboard */,
				878FD10A23987E0B0050334E /* Chart.swift */,
				878FD100239837F20050334E /* GameOver.swift */,
				876A31A7238B13CA0038F49F /* Assets.xcassets */,
				878FD108239879E80050334E /* Model.swift */,
				876A31A9238B13CA0038F49F /* LaunchScreen.storyboard */,
				876A31AC238B13CA0038F49F /* Info.plist */,
			);
			path = bluetap;
			sourceTree = "<group>";
		};
		876A31B4238B13CA0038F49F /* bluetapTests */ = {
			isa = PBXGroup;
			children = (
				876A31B5238B13CA0038F49F /* bluetapTests.swift */,
				876A31B7238B13CA0038F49F /* Info.plist */,
			);
			path = bluetapTests;
			sourceTree = "<group>";
		};
		876A31BF238B13CA0038F49F /* bluetapUITests */ = {
			isa = PBXGroup;
			children = (
				876A31C0238B13CA0038F49F /* bluetapUITests.swift */,
				876A31C2238B13CA0038F49F /* Info.plist */,
			);
			path = bluetapUITests;
			sourceTree = "<group>";
		};
/* End PBXGroup section */

/* Begin PBXNativeTarget section */
		876A319C238B13C80038F49F /* bluetap */ = {
			isa = PBXNativeTarget;
			buildConfigurationList = 876A31C5238B13CA0038F49F /* Build configuration list for PBXNativeTarget "bluetap" */;
			buildPhases = (
				555D37818FA0759197D77B1E /* [CP] Check Pods Manifest.lock */,
				876A3199238B13C80038F49F /* Sources */,
				876A319A238B13C80038F49F /* Frameworks */,
				876A319B238B13C80038F49F /* Resources */,
				2D8FFE70A46FCB4527C58B02 /* [CP] Embed Pods Frameworks */,
			);
			buildRules = (
			);
			dependencies = (
			);
			name = bluetap;
			productName = bluetap;
			productReference = 876A319D238B13C80038F49F /* bluetap.app */;
			productType = "com.apple.product-type.application";
		};
		876A31B0238B13CA0038F49F /* bluetapTests */ = {
			isa = PBXNativeTarget;
			buildConfigurationList = 876A31C8238B13CA0038F49F /* Build configuration list for PBXNativeTarget "bluetapTests" */;
			buildPhases = (
				DA53F638175ADBFAAE02E674 /* [CP] Check Pods Manifest.lock */,
				876A31AD238B13CA0038F49F /* Sources */,
				876A31AE238B13CA0038F49F /* Frameworks */,
				876A31AF238B13CA0038F49F /* Resources */,
			);
			buildRules = (
			);
			dependencies = (
				876A31B3238B13CA0038F49F /* PBXTargetDependency */,
			);
			name = bluetapTests;
			productName = bluetapTests;
			productReference = 876A31B1238B13CA0038F49F /* bluetapTests.xctest */;
			productType = "com.apple.product-type.bundle.unit-test";
		};
		876A31BB238B13CA0038F49F /* bluetapUITests */ = {
			isa = PBXNativeTarget;
			buildConfigurationList = 876A31CB238B13CA0038F49F /* Build configuration list for PBXNativeTarget "bluetapUITests" */;
			buildPhases = (
				11F408423C7F17ACEF8DB285 /* [CP] Check Pods Manifest.lock */,
				876A31B8238B13CA0038F49F /* Sources */,
				876A31B9238B13CA0038F49F /* Frameworks */,
				876A31BA238B13CA0038F49F /* Resources */,
				68789AF35DB07F5F15B86693 /* [CP] Embed Pods Frameworks */,
			);
			buildRules = (
			);
			dependencies = (
				876A31BE238B13CA0038F49F /* PBXTargetDependency */,
			);
			name = bluetapUITests;
			productName = bluetapUITests;
			productReference = 876A31BC238B13CA0038F49F /* bluetapUITests.xctest */;
			productType = "com.apple.product-type.bundle.ui-testing";
		};
/* End PBXNativeTarget section */

/* Begin PBXProject section */
		876A3195238B13C80038F49F /* Project object */ = {
			isa = PBXProject;
			attributes = {
				LastSwiftUpdateCheck = 1030;
				LastUpgradeCheck = 1030;
				ORGANIZATIONNAME = "Nicha Thongtanakul";
				TargetAttributes = {
					876A319C238B13C80038F49F = {
						CreatedOnToolsVersion = 10.3;
					};
					876A31B0238B13CA0038F49F = {
						CreatedOnToolsVersion = 10.3;
						TestTargetID = 876A319C238B13C80038F49F;
					};
					876A31BB238B13CA0038F49F = {
						CreatedOnToolsVersion = 10.3;
						TestTargetID = 876A319C238B13C80038F49F;
					};
				};
			};
			buildConfigurationList = 876A3198238B13C80038F49F /* Build configuration list for PBXProject "bluetap" */;
			compatibilityVersion = "Xcode 9.3";
			developmentRegion = en;
			hasScannedForEncodings = 0;
			knownRegions = (
				en,
				Base,
			);
			mainGroup = 876A3194238B13C80038F49F;
			productRefGroup = 876A319E238B13C80038F49F /* Products */;
			projectDirPath = "";
			projectRoot = "";
			targets = (
				876A319C238B13C80038F49F /* bluetap */,
				876A31B0238B13CA0038F49F /* bluetapTests */,
				876A31BB238B13CA0038F49F /* bluetapUITests */,
			);
		};
/* End PBXProject section */

/* Begin PBXResourcesBuildPhase section */
		876A319B238B13C80038F49F /* Resources */ = {
			isa = PBXResourcesBuildPhase;
			buildActionMask = 2147483647;
			files = (
				876A31AB238B13CA0038F49F /* LaunchScreen.storyboard in Resources */,
				876A31A8238B13CA0038F49F /* Assets.xcassets in Resources */,
				876A31A6238B13C80038F49F /* Main.storyboard in Resources */,
			);
			runOnlyForDeploymentPostprocessing = 0;
		};
		876A31AF238B13CA0038F49F /* Resources */ = {
			isa = PBXResourcesBuildPhase;
			buildActionMask = 2147483647;
			files = (
			);
			runOnlyForDeploymentPostprocessing = 0;
		};
		876A31BA238B13CA0038F49F /* Resources */ = {
			isa = PBXResourcesBuildPhase;
			buildActionMask = 2147483647;
			files = (
			);
			runOnlyForDeploymentPostprocessing = 0;
		};
/* End PBXResourcesBuildPhase section */

/* Begin PBXShellScriptBuildPhase section */
		11F408423C7F17ACEF8DB285 /* [CP] Check Pods Manifest.lock */ = {
			isa = PBXShellScriptBuildPhase;
			buildActionMask = 2147483647;
			files = (
			);
			inputFileListPaths = (
			);
			inputPaths = (
				"${PODS_PODFILE_DIR_PATH}/Podfile.lock",
				"${PODS_ROOT}/Manifest.lock",
			);
			name = "[CP] Check Pods Manifest.lock";
			outputFileListPaths = (
			);
			outputPaths = (
				"$(DERIVED_FILE_DIR)/Pods-bluetap-bluetapUITests-checkManifestLockResult.txt",
			);
			runOnlyForDeploymentPostprocessing = 0;
			shellPath = /bin/sh;
			shellScript = "diff \"${PODS_PODFILE_DIR_PATH}/Podfile.lock\" \"${PODS_ROOT}/Manifest.lock\" > /dev/null\nif [ $? != 0 ] ; then\n    # print error to STDERR\n    echo \"error: The sandbox is not in sync with the Podfile.lock. Run 'pod install' or update your CocoaPods installation.\" >&2\n    exit 1\nfi\n# This output is used by Xcode 'outputs' to avoid re-running this script phase.\necho \"SUCCESS\" > \"${SCRIPT_OUTPUT_FILE_0}\"\n";
			showEnvVarsInLog = 0;
		};
		2D8FFE70A46FCB4527C58B02 /* [CP] Embed Pods Frameworks */ = {
			isa = PBXShellScriptBuildPhase;
			buildActionMask = 2147483647;
			files = (
			);
			inputFileListPaths = (
				"${PODS_ROOT}/Target Support Files/Pods-bluetap/Pods-bluetap-frameworks-${CONFIGURATION}-input-files.xcfilelist",
			);
			name = "[CP] Embed Pods Frameworks";
			outputFileListPaths = (
				"${PODS_ROOT}/Target Support Files/Pods-bluetap/Pods-bluetap-frameworks-${CONFIGURATION}-output-files.xcfilelist",
			);
			runOnlyForDeploymentPostprocessing = 0;
			shellPath = /bin/sh;
			shellScript = "\"${PODS_ROOT}/Target Support Files/Pods-bluetap/Pods-bluetap-frameworks.sh\"\n";
			showEnvVarsInLog = 0;
		};
		555D37818FA0759197D77B1E /* [CP] Check Pods Manifest.lock */ = {
			isa = PBXShellScriptBuildPhase;
			buildActionMask = 2147483647;
			files = (
			);
			inputFileListPaths = (
			);
			inputPaths = (
				"${PODS_PODFILE_DIR_PATH}/Podfile.lock",
				"${PODS_ROOT}/Manifest.lock",
			);
			name = "[CP] Check Pods Manifest.lock";
			outputFileListPaths = (
			);
			outputPaths = (
				"$(DERIVED_FILE_DIR)/Pods-bluetap-checkManifestLockResult.txt",
			);
			runOnlyForDeploymentPostprocessing = 0;
			shellPath = /bin/sh;
			shellScript = "diff \"${PODS_PODFILE_DIR_PATH}/Podfile.lock\" \"${PODS_ROOT}/Manifest.lock\" > /dev/null\nif [ $? != 0 ] ; then\n    # print error to STDERR\n    echo \"error: The sandbox is not in sync with the Podfile.lock. Run 'pod install' or update your CocoaPods installation.\" >&2\n    exit 1\nfi\n# This output is used by Xcode 'outputs' to avoid re-running this script phase.\necho \"SUCCESS\" > \"${SCRIPT_OUTPUT_FILE_0}\"\n";
			showEnvVarsInLog = 0;
		};
		68789AF35DB07F5F15B86693 /* [CP] Embed Pods Frameworks */ = {
			isa = PBXShellScriptBuildPhase;
			buildActionMask = 2147483647;
			files = (
			);
			inputFileListPaths = (
				"${PODS_ROOT}/Target Support Files/Pods-bluetap-bluetapUITests/Pods-bluetap-bluetapUITests-frameworks-${CONFIGURATION}-input-files.xcfilelist",
			);
			name = "[CP] Embed Pods Frameworks";
			outputFileListPaths = (
				"${PODS_ROOT}/Target Support Files/Pods-bluetap-bluetapUITests/Pods-bluetap-bluetapUITests-frameworks-${CONFIGURATION}-output-files.xcfilelist",
			);
			runOnlyForDeploymentPostprocessing = 0;
			shellPath = /bin/sh;
			shellScript = "\"${PODS_ROOT}/Target Support Files/Pods-bluetap-bluetapUITests/Pods-bluetap-bluetapUITests-frameworks.sh\"\n";
			showEnvVarsInLog = 0;
		};
		DA53F638175ADBFAAE02E674 /* [CP] Check Pods Manifest.lock */ = {
			isa = PBXShellScriptBuildPhase;
			buildActionMask = 2147483647;
			files = (
			);
			inputFileListPaths = (
			);
			inputPaths = (
				"${PODS_PODFILE_DIR_PATH}/Podfile.lock",
				"${PODS_ROOT}/Manifest.lock",
			);
			name = "[CP] Check Pods Manifest.lock";
			outputFileListPaths = (
			);
			outputPaths = (
				"$(DERIVED_FILE_DIR)/Pods-bluetapTests-checkManifestLockResult.txt",
			);
			runOnlyForDeploymentPostprocessing = 0;
			shellPath = /bin/sh;
			shellScript = "diff \"${PODS_PODFILE_DIR_PATH}/Podfile.lock\" \"${PODS_ROOT}/Manifest.lock\" > /dev/null\nif [ $? != 0 ] ; then\n    # print error to STDERR\n    echo \"error: The sandbox is not in sync with the Podfile.lock. Run 'pod install' or update your CocoaPods installation.\" >&2\n    exit 1\nfi\n# This output is used by Xcode 'outputs' to avoid re-running this script phase.\necho \"SUCCESS\" > \"${SCRIPT_OUTPUT_FILE_0}\"\n";
			showEnvVarsInLog = 0;
		};
/* End PBXShellScriptBuildPhase section */

/* Begin PBXSourcesBuildPhase section */
		876A3199238B13C80038F49F /* Sources */ = {
			isa = PBXSourcesBuildPhase;
			buildActionMask = 2147483647;
			files = (
				876A31A3238B13C80038F49F /* ViewController.swift in Sources */,
				876A31A1238B13C80038F49F /* AppDelegate.swift in Sources */,
				878FD109239879E80050334E /* Model.swift in Sources */,
				878FD101239837F20050334E /* GameOver.swift in Sources */,
				878FD10B23987E0B0050334E /* Chart.swift in Sources */,
			);
			runOnlyForDeploymentPostprocessing = 0;
		};
		876A31AD238B13CA0038F49F /* Sources */ = {
			isa = PBXSourcesBuildPhase;
			buildActionMask = 2147483647;
			files = (
				876A31B6238B13CA0038F49F /* bluetapTests.swift in Sources */,
			);
			runOnlyForDeploymentPostprocessing = 0;
		};
		876A31B8238B13CA0038F49F /* Sources */ = {
			isa = PBXSourcesBuildPhase;
			buildActionMask = 2147483647;
			files = (
				876A31C1238B13CA0038F49F /* bluetapUITests.swift in Sources */,
			);
			runOnlyForDeploymentPostprocessing = 0;
		};
/* End PBXSourcesBuildPhase section */

/* Begin PBXTargetDependency section */
		876A31B3238B13CA0038F49F /* PBXTargetDependency */ = {
			isa = PBXTargetDependency;
			target = 876A319C238B13C80038F49F /* bluetap */;
			targetProxy = 876A31B2238B13CA0038F49F /* PBXContainerItemProxy */;
		};
		876A31BE238B13CA0038F49F /* PBXTargetDependency */ = {
			isa = PBXTargetDependency;
			target = 876A319C238B13C80038F49F /* bluetap */;
			targetProxy = 876A31BD238B13CA0038F49F /* PBXContainerItemProxy */;
		};
/* End PBXTargetDependency section */

/* Begin PBXVariantGroup section */
		876A31A4238B13C80038F49F /* Main.storyboard */ = {
			isa = PBXVariantGroup;
			children = (
				876A31A5238B13C80038F49F /* Base */,
			);
			name = Main.storyboard;
			sourceTree = "<group>";
		};
		876A31A9238B13CA0038F49F /* LaunchScreen.storyboard */ = {
			isa = PBXVariantGroup;
			children = (
				876A31AA238B13CA0038F49F /* Base */,
			);
			name = LaunchScreen.storyboard;
			sourceTree = "<group>";
		};
/* End PBXVariantGroup section */

/* Begin XCBuildConfiguration section */
		876A31C3238B13CA0038F49F /* Debug */ = {
			isa = XCBuildConfiguration;
			buildSettings = {
				ALWAYS_SEARCH_USER_PATHS = NO;
				CLANG_ANALYZER_NONNULL = YES;
				CLANG_ANALYZER_NUMBER_OBJECT_CONVERSION = YES_AGGRESSIVE;
				CLANG_CXX_LANGUAGE_STANDARD = "gnu++14";
				CLANG_CXX_LIBRARY = "libc++";
				CLANG_ENABLE_MODULES = YES;
				CLANG_ENABLE_OBJC_ARC = YES;
				CLANG_ENABLE_OBJC_WEAK = YES;
				CLANG_WARN_BLOCK_CAPTURE_AUTORELEASING = YES;
				CLANG_WARN_BOOL_CONVERSION = YES;
				CLANG_WARN_COMMA = YES;
				CLANG_WARN_CONSTANT_CONVERSION = YES;
				CLANG_WARN_DEPRECATED_OBJC_IMPLEMENTATIONS = YES;
				CLANG_WARN_DIRECT_OBJC_ISA_USAGE = YES_ERROR;
				CLANG_WARN_DOCUMENTATION_COMMENTS = YES;
				CLANG_WARN_EMPTY_BODY = YES;
				CLANG_WARN_ENUM_CONVERSION = YES;
				CLANG_WARN_INFINITE_RECURSION = YES;
				CLANG_WARN_INT_CONVERSION = YES;
				CLANG_WARN_NON_LITERAL_NULL_CONVERSION = YES;
				CLANG_WARN_OBJC_IMPLICIT_RETAIN_SELF = YES;
				CLANG_WARN_OBJC_LITERAL_CONVERSION = YES;
				CLANG_WARN_OBJC_ROOT_CLASS = YES_ERROR;
				CLANG_WARN_RANGE_LOOP_ANALYSIS = YES;
				CLANG_WARN_STRICT_PROTOTYPES = YES;
				CLANG_WARN_SUSPICIOUS_MOVE = YES;
				CLANG_WARN_UNGUARDED_AVAILABILITY = YES_AGGRESSIVE;
				CLANG_WARN_UNREACHABLE_CODE = YES;
				CLANG_WARN__DUPLICATE_METHOD_MATCH = YES;
				CODE_SIGN_IDENTITY = "iPhone Developer";
				COPY_PHASE_STRIP = NO;
				DEBUG_INFORMATION_FORMAT = dwarf;
				ENABLE_STRICT_OBJC_MSGSEND = YES;
				ENABLE_TESTABILITY = YES;
				GCC_C_LANGUAGE_STANDARD = gnu11;
				GCC_DYNAMIC_NO_PIC = NO;
				GCC_NO_COMMON_BLOCKS = YES;
				GCC_OPTIMIZATION_LEVEL = 0;
				GCC_PREPROCESSOR_DEFINITIONS = (
					"DEBUG=1",
					"$(inherited)",
				);
				GCC_WARN_64_TO_32_BIT_CONVERSION = YES;
				GCC_WARN_ABOUT_RETURN_TYPE = YES_ERROR;
				GCC_WARN_UNDECLARED_SELECTOR = YES;
				GCC_WARN_UNINITIALIZED_AUTOS = YES_AGGRESSIVE;
				GCC_WARN_UNUSED_FUNCTION = YES;
				GCC_WARN_UNUSED_VARIABLE = YES;
				IPHONEOS_DEPLOYMENT_TARGET = 12.4;
				MTL_ENABLE_DEBUG_INFO = INCLUDE_SOURCE;
				MTL_FAST_MATH = YES;
				ONLY_ACTIVE_ARCH = YES;
				SDKROOT = iphoneos;
				SWIFT_ACTIVE_COMPILATION_CONDITIONS = DEBUG;
				SWIFT_OPTIMIZATION_LEVEL = "-Onone";
			};
			name = Debug;
		};
		876A31C4238B13CA0038F49F /* Release */ = {
			isa = XCBuildConfiguration;
			buildSettings = {
				ALWAYS_SEARCH_USER_PATHS = NO;
				CLANG_ANALYZER_NONNULL = YES;
				CLANG_ANALYZER_NUMBER_OBJECT_CONVERSION = YES_AGGRESSIVE;
				CLANG_CXX_LANGUAGE_STANDARD = "gnu++14";
				CLANG_CXX_LIBRARY = "libc++";
				CLANG_ENABLE_MODULES = YES;
				CLANG_ENABLE_OBJC_ARC = YES;
				CLANG_ENABLE_OBJC_WEAK = YES;
				CLANG_WARN_BLOCK_CAPTURE_AUTORELEASING = YES;
				CLANG_WARN_BOOL_CONVERSION = YES;
				CLANG_WARN_COMMA = YES;
				CLANG_WARN_CONSTANT_CONVERSION = YES;
				CLANG_WARN_DEPRECATED_OBJC_IMPLEMENTATIONS = YES;
				CLANG_WARN_DIRECT_OBJC_ISA_USAGE = YES_ERROR;
				CLANG_WARN_DOCUMENTATION_COMMENTS = YES;
				CLANG_WARN_EMPTY_BODY = YES;
				CLANG_WARN_ENUM_CONVERSION = YES;
				CLANG_WARN_INFINITE_RECURSION = YES;
				CLANG_WARN_INT_CONVERSION = YES;
				CLANG_WARN_NON_LITERAL_NULL_CONVERSION = YES;
				CLANG_WARN_OBJC_IMPLICIT_RETAIN_SELF = YES;
				CLANG_WARN_OBJC_LITERAL_CONVERSION = YES;
				CLANG_WARN_OBJC_ROOT_CLASS = YES_ERROR;
				CLANG_WARN_RANGE_LOOP_ANALYSIS = YES;
				CLANG_WARN_STRICT_PROTOTYPES = YES;
				CLANG_WARN_SUSPICIOUS_MOVE = YES;
				CLANG_WARN_UNGUARDED_AVAILABILITY = YES_AGGRESSIVE;
				CLANG_WARN_UNREACHABLE_CODE = YES;
				CLANG_WARN__DUPLICATE_METHOD_MATCH = YES;
				CODE_SIGN_IDENTITY = "iPhone Developer";
				COPY_PHASE_STRIP = NO;
				DEBUG_INFORMATION_FORMAT = "dwarf-with-dsym";
				ENABLE_NS_ASSERTIONS = NO;
				ENABLE_STRICT_OBJC_MSGSEND = YES;
				GCC_C_LANGUAGE_STANDARD = gnu11;
				GCC_NO_COMMON_BLOCKS = YES;
				GCC_WARN_64_TO_32_BIT_CONVERSION = YES;
				GCC_WARN_ABOUT_RETURN_TYPE = YES_ERROR;
				GCC_WARN_UNDECLARED_SELECTOR = YES;
				GCC_WARN_UNINITIALIZED_AUTOS = YES_AGGRESSIVE;
				GCC_WARN_UNUSED_FUNCTION = YES;
				GCC_WARN_UNUSED_VARIABLE = YES;
				IPHONEOS_DEPLOYMENT_TARGET = 12.4;
				MTL_ENABLE_DEBUG_INFO = NO;
				MTL_FAST_MATH = YES;
				SDKROOT = iphoneos;
				SWIFT_COMPILATION_MODE = wholemodule;
				SWIFT_OPTIMIZATION_LEVEL = "-O";
				VALIDATE_PRODUCT = YES;
			};
			name = Release;
		};
		876A31C6238B13CA0038F49F /* Debug */ = {
			isa = XCBuildConfiguration;
			baseConfigurationReference = 055640B00EBAACFFF4B59528 /* Pods-bluetap.debug.xcconfig */;
			buildSettings = {
				ASSETCATALOG_COMPILER_APPICON_NAME = AppIcon;
				CODE_SIGN_STYLE = Automatic;
				INFOPLIST_FILE = bluetap/Info.plist;
				LD_RUNPATH_SEARCH_PATHS = (
					"$(inherited)",
					"@executable_path/Frameworks",
				);
				PRODUCT_BUNDLE_IDENTIFIER = ni.bluetap;
				PRODUCT_NAME = "$(TARGET_NAME)";
				SWIFT_VERSION = 5.0;
				TARGETED_DEVICE_FAMILY = "1,2";
			};
			name = Debug;
		};
		876A31C7238B13CA0038F49F /* Release */ = {
			isa = XCBuildConfiguration;
			baseConfigurationReference = EA33525F66DCCF342C8F3066 /* Pods-bluetap.release.xcconfig */;
			buildSettings = {
				ASSETCATALOG_COMPILER_APPICON_NAME = AppIcon;
				CODE_SIGN_STYLE = Automatic;
				INFOPLIST_FILE = bluetap/Info.plist;
				LD_RUNPATH_SEARCH_PATHS = (
					"$(inherited)",
					"@executable_path/Frameworks",
				);
				PRODUCT_BUNDLE_IDENTIFIER = ni.bluetap;
				PRODUCT_NAME = "$(TARGET_NAME)";
				SWIFT_VERSION = 5.0;
				TARGETED_DEVICE_FAMILY = "1,2";
			};
			name = Release;
		};
		876A31C9238B13CA0038F49F /* Debug */ = {
			isa = XCBuildConfiguration;
			baseConfigurationReference = 38F372736F5253054CDE0779 /* Pods-bluetapTests.debug.xcconfig */;
			buildSettings = {
				ALWAYS_EMBED_SWIFT_STANDARD_LIBRARIES = YES;
				BUNDLE_LOADER = "$(TEST_HOST)";
				CODE_SIGN_STYLE = Automatic;
				INFOPLIST_FILE = bluetapTests/Info.plist;
				LD_RUNPATH_SEARCH_PATHS = (
					"$(inherited)",
					"@executable_path/Frameworks",
					"@loader_path/Frameworks",
				);
				PRODUCT_BUNDLE_IDENTIFIER = ni.bluetapTests;
				PRODUCT_NAME = "$(TARGET_NAME)";
				SWIFT_VERSION = 5.0;
				TARGETED_DEVICE_FAMILY = "1,2";
				TEST_HOST = "$(BUILT_PRODUCTS_DIR)/bluetap.app/bluetap";
			};
			name = Debug;
		};
		876A31CA238B13CA0038F49F /* Release */ = {
			isa = XCBuildConfiguration;
			baseConfigurationReference = 09BCC78A9E31C458973B02B0 /* Pods-bluetapTests.release.xcconfig */;
			buildSettings = {
				ALWAYS_EMBED_SWIFT_STANDARD_LIBRARIES = YES;
				BUNDLE_LOADER = "$(TEST_HOST)";
				CODE_SIGN_STYLE = Automatic;
				INFOPLIST_FILE = bluetapTests/Info.plist;
				LD_RUNPATH_SEARCH_PATHS = (
					"$(inherited)",
					"@executable_path/Frameworks",
					"@loader_path/Frameworks",
				);
				PRODUCT_BUNDLE_IDENTIFIER = ni.bluetapTests;
				PRODUCT_NAME = "$(TARGET_NAME)";
				SWIFT_VERSION = 5.0;
				TARGETED_DEVICE_FAMILY = "1,2";
				TEST_HOST = "$(BUILT_PRODUCTS_DIR)/bluetap.app/bluetap";
			};
			name = Release;
		};
		876A31CC238B13CA0038F49F /* Debug */ = {
			isa = XCBuildConfiguration;
			baseConfigurationReference = 464C53DB7F0BE5DE8FDFE6E7 /* Pods-bluetap-bluetapUITests.debug.xcconfig */;
			buildSettings = {
				ALWAYS_EMBED_SWIFT_STANDARD_LIBRARIES = YES;
				CODE_SIGN_STYLE = Automatic;
				INFOPLIST_FILE = bluetapUITests/Info.plist;
				LD_RUNPATH_SEARCH_PATHS = (
					"$(inherited)",
					"@executable_path/Frameworks",
					"@loader_path/Frameworks",
				);
				PRODUCT_BUNDLE_IDENTIFIER = ni.bluetapUITests;
				PRODUCT_NAME = "$(TARGET_NAME)";
				SWIFT_VERSION = 5.0;
				TARGETED_DEVICE_FAMILY = "1,2";
				TEST_TARGET_NAME = bluetap;
			};
			name = Debug;
		};
		876A31CD238B13CA0038F49F /* Release */ = {
			isa = XCBuildConfiguration;
			baseConfigurationReference = BE1D04AE72D5A9AF7DBFC4EF /* Pods-bluetap-bluetapUITests.release.xcconfig */;
			buildSettings = {
				ALWAYS_EMBED_SWIFT_STANDARD_LIBRARIES = YES;
				CODE_SIGN_STYLE = Automatic;
				INFOPLIST_FILE = bluetapUITests/Info.plist;
				LD_RUNPATH_SEARCH_PATHS = (
					"$(inherited)",
					"@executable_path/Frameworks",
					"@loader_path/Frameworks",
				);
				PRODUCT_BUNDLE_IDENTIFIER = ni.bluetapUITests;
				PRODUCT_NAME = "$(TARGET_NAME)";
				SWIFT_VERSION = 5.0;
				TARGETED_DEVICE_FAMILY = "1,2";
				TEST_TARGET_NAME = bluetap;
			};
			name = Release;
		};
/* End XCBuildConfiguration section */

/* Begin XCConfigurationList section */
		876A3198238B13C80038F49F /* Build configuration list for PBXProject "bluetap" */ = {
			isa = XCConfigurationList;
			buildConfigurations = (
				876A31C3238B13CA0038F49F /* Debug */,
				876A31C4238B13CA0038F49F /* Release */,
			);
			defaultConfigurationIsVisible = 0;
			defaultConfigurationName = Release;
		};
		876A31C5238B13CA0038F49F /* Build configuration list for PBXNativeTarget "bluetap" */ = {
			isa = XCConfigurationList;
			buildConfigurations = (
				876A31C6238B13CA0038F49F /* Debug */,
				876A31C7238B13CA0038F49F /* Release */,
			);
			defaultConfigurationIsVisible = 0;
			defaultConfigurationName = Release;
		};
		876A31C8238B13CA0038F49F /* Build configuration list for PBXNativeTarget "bluetapTests" */ = {
			isa = XCConfigurationList;
			buildConfigurations = (
				876A31C9238B13CA0038F49F /* Debug */,
				876A31CA238B13CA0038F49F /* Release */,
			);
			defaultConfigurationIsVisible = 0;
			defaultConfigurationName = Release;
		};
		876A31CB238B13CA0038F49F /* Build configuration list for PBXNativeTarget "bluetapUITests" */ = {
			isa = XCConfigurationList;
			buildConfigurations = (
				876A31CC238B13CA0038F49F /* Debug */,
				876A31CD238B13CA0038F49F /* Release */,
			);
			defaultConfigurationIsVisible = 0;
			defaultConfigurationName = Release;
		};
/* End XCConfigurationList section */
	};
	rootObject = 876A3195238B13C80038F49F /* Project object */;
}
